{
  "name": "casw",
  "version": "1.0.0",
  "lockfileVersion": 1,
  "requires": true,
  "dependencies": {
    "commander": {
      "version": "2.9.0",
      "resolved": "https://registry.npmjs.org/commander/-/commander-2.9.0.tgz",
      "integrity": "sha1-nJkJQXbhIkDLItbFFGCYQA/g99Q=",
      "requires": {
        "graceful-readlink": "1.0.1"
      }
    },
    "graceful-readlink": {
      "version": "1.0.1",
      "resolved": "https://registry.npmjs.org/graceful-readlink/-/graceful-readlink-1.0.1.tgz",
      "integrity": "sha1-TK+tdrxi8C+gObL5Tpo906ORpyU="
    },
    "limiter": {
      "version": "1.1.0",
      "resolved": "https://registry.npmjs.org/limiter/-/limiter-1.1.0.tgz",
      "integrity": "sha1-bivRLKP82qEfIk4uU8iW3z8I2RM="
    },
    "mime": {
      "version": "1.4.1",
      "resolved": "https://registry.npmjs.org/mime/-/mime-1.4.1.tgz",
      "integrity": "sha512-KI1+qOZu5DcW6wayYHSzR/tXKCDC5Om4s1z2QJjDULzLcmf3DvzS7oluY4HCTrc+9FiKmWUgeNLg7W3uIQvxtQ=="
    },
    "stream-throttle": {
      "version": "0.1.3",
      "resolved": "https://registry.npmjs.org/stream-throttle/-/stream-throttle-0.1.3.tgz",
      "integrity": "sha1-rdV8jXzHOoFjDTHNVdOWHPr7qcM=",
      "requires": {
        "commander": "2.9.0",
        "limiter": "1.1.0"
      }
    }
  }
}
